
Microsoft Visual Studio Solution File, Format Version 12.00
# Visual Studio 14
VisualStudioVersion = 14.0.25420.1
MinimumVisualStudioVersion = 10.0.40219.1
Project("{FAE04EC0-301F-11D3-BF4B-00C04F79EFBC}") = "Tarea2", "Tarea2\Tarea2.csproj", "{625EB7C3-5094-4BFD-96EE-D6A18835E9FD}"
EndProject
Project("{FAE04EC0-301F-11D3-BF4B-00C04F79EFBC}") = "tarea2Logica", "tarea2Logica\tarea2Logica.csproj", "{2A9AA63A-85E1-4BA5-9CD9-3903F048BD88}"
EndProject
Global
	GlobalSection(SolutionConfigurationPlatforms) = preSolution
		Debug|Any CPU = Debug|Any CPU
		Release|Any CPU = Release|Any CPU
	EndGlobalSection
	GlobalSection(ProjectConfigurationPlatforms) = postSolution
		{625EB7C3-5094-4BFD-96EE-D6A18835E9FD}.Debug|Any CPU.ActiveCfg = Debug|Any CPU
		{625EB7C3-5094-4BFD-96EE-D6A18835E9FD}.Debug|Any CPU.Build.0 = Debug|Any CPU
		{625EB7C3-5094-4BFD-96EE-D6A18835E9FD}.Release|Any CPU.ActiveCfg = Release|Any CPU
		{625EB7C3-5094-4BFD-96EE-D6A18835E9FD}.Release|Any CPU.Build.0 = Release|Any CPU
		{2A9AA63A-85E1-4BA5-9CD9-3903F048BD88}.Debug|Any CPU.ActiveCfg = Debug|Any CPU
		{2A9AA63A-85E1-4BA5-9CD9-3903F048BD88}.Debug|Any CPU.Build.0 = Debug|Any CPU
		{2A9AA63A-85E1-4BA5-9CD9-3903F048BD88}.Release|Any CPU.ActiveCfg = Release|Any CPU
		{2A9AA63A-85E1-4BA5-9CD9-3903F048BD88}.Release|Any CPU.Build.0 = Release|Any CPU
	EndGlobalSection
	GlobalSection(SolutionProperties) = preSolution
		HideSolutionNode = FALSE
	EndGlobalSection
EndGlobal
